
Microsoft Visual Studio Solution File, Format Version 12.00
# Visual Studio Version 17
VisualStudioVersion = 17.0.31903.59
MinimumVisualStudioVersion = 10.0.40219.1
Project("{FAE04EC0-301F-11D3-BF4B-00C04F79EFBC}") = "PersistentCollections", "PersistentCollections\PersistentCollections.csproj", "{C5EC1C23-FCCE-4E56-819F-CF36ED3705E2}"
EndProject
Project("{FAE04EC0-301F-11D3-BF4B-00C04F79EFBC}") = "Test", "Test\Test.csproj", "{B40C1453-CDDD-49BA-A4FD-5D5E9EB879F5}"
EndProject
Global
	GlobalSection(SolutionConfigurationPlatforms) = preSolution
		Debug|Any CPU = Debug|Any CPU
		Release|Any CPU = Release|Any CPU
	EndGlobalSection
	GlobalSection(SolutionProperties) = preSolution
		HideSolutionNode = FALSE
	EndGlobalSection
	GlobalSection(ProjectConfigurationPlatforms) = postSolution
		{C5EC1C23-FCCE-4E56-819F-CF36ED3705E2}.Debug|Any CPU.ActiveCfg = Debug|Any CPU
		{C5EC1C23-FCCE-4E56-819F-CF36ED3705E2}.Debug|Any CPU.Build.0 = Debug|Any CPU
		{C5EC1C23-FCCE-4E56-819F-CF36ED3705E2}.Release|Any CPU.ActiveCfg = Release|Any CPU
		{C5EC1C23-FCCE-4E56-819F-CF36ED3705E2}.Release|Any CPU.Build.0 = Release|Any CPU
		{B40C1453-CDDD-49BA-A4FD-5D5E9EB879F5}.Debug|Any CPU.ActiveCfg = Debug|Any CPU
		{B40C1453-CDDD-49BA-A4FD-5D5E9EB879F5}.Debug|Any CPU.Build.0 = Debug|Any CPU
		{B40C1453-CDDD-49BA-A4FD-5D5E9EB879F5}.Release|Any CPU.ActiveCfg = Release|Any CPU
		{B40C1453-CDDD-49BA-A4FD-5D5E9EB879F5}.Release|Any CPU.Build.0 = Release|Any CPU
	EndGlobalSection
EndGlobal
